
Microsoft Visual Studio Solution File, Format Version 12.00
# Visual Studio Version 16
VisualStudioVersion = 16.0.30413.136
MinimumVisualStudioVersion = 10.0.40219.1
Project("{9A19103F-16F7-4668-BE54-9A1E7A4F7556}") = "CodeBehind.MySQL", "CodeBehind.MySQL\CodeBehind.MySQL.csproj", "{105ACAA6-D543-46A6-BC51-A915880E2AF8}"
EndProject
Project("{9A19103F-16F7-4668-BE54-9A1E7A4F7556}") = "CodeBehind.Sqlite", "CodeBehind.Sqlite\CodeBehind.Sqlite.csproj", "{DDC41D4A-D352-4D1B-BE87-C2DAF9FD5B68}"
EndProject
Project("{9A19103F-16F7-4668-BE54-9A1E7A4F7556}") = "CodeBehind.Redis", "CodeBehind.Redis\CodeBehind.Redis.csproj", "{7C7B887F-0EAE-47A9-A2CA-805BFE13FFDF}"
EndProject
Project("{9A19103F-16F7-4668-BE54-9A1E7A4F7556}") = "CodeBehind.PostGreSQL", "CodeBehind.PostGreSQL\CodeBehind.PostGreSQL.csproj", "{314B8B5E-B1A4-4B94-99C4-4D4C702EAA26}"
EndProject
Project("{9A19103F-16F7-4668-BE54-9A1E7A4F7556}") = "CodeBehind.ElasticSearch", "CodeBehind.ElasticSearch\CodeBehind.ElasticSearch.csproj", "{4BAFA305-F393-483D-A9A5-8360559A2341}"
EndProject
Project("{9A19103F-16F7-4668-BE54-9A1E7A4F7556}") = "CodeBehind.Firebird", "CodeBehind.Firebird\CodeBehind.Firebird.csproj", "{6D7A989D-B29D-4E78-8333-C55D61E7C288}"
EndProject
Project("{9A19103F-16F7-4668-BE54-9A1E7A4F7556}") = "CodeBehind.Maria", "CodeBehind.Maria\CodeBehind.Maria.csproj", "{0152EA9E-A147-448B-B358-A37ABDC73D27}"
EndProject
Project("{9A19103F-16F7-4668-BE54-9A1E7A4F7556}") = "CodeBehind.SqlServer", "CodeBehind.SqlServer\CodeBehind.SqlServer.csproj", "{1C685D0A-F2AD-4AA6-9738-0F09EB455C79}"
EndProject
Project("{9A19103F-16F7-4668-BE54-9A1E7A4F7556}") = "CodeBehind.Mongo", "CodeBehind.Mongo\CodeBehind.Mongo.csproj", "{9379C15E-CB04-404A-A4B9-31FAB1447074}"
EndProject
Project("{2150E333-8FDC-42A3-9474-1A3956D46DE8}") = "CRUD", "CRUD", "{04A60DCA-833D-4981-BB91-2BE5513D6BA7}"
EndProject
Project("{2150E333-8FDC-42A3-9474-1A3956D46DE8}") = "API", "API", "{2C745E15-516A-48D7-B24C-E2362740E67E}"
EndProject
Project("{9A19103F-16F7-4668-BE54-9A1E7A4F7556}") = "CodeBehind.OData.Demo", "CodeBehind.OData.Demo\CodeBehind.OData.Demo.csproj", "{B6768CDE-7802-4056-82A4-275A3DDBF3F1}"
EndProject
Project("{9A19103F-16F7-4668-BE54-9A1E7A4F7556}") = "CodeBehind.GraphQueryLanguage.Demo", "CodeBehind.GraphQueryLanguage.Demo\CodeBehind.GraphQueryLanguage.Demo.csproj", "{45AD288A-D7B8-4E07-ACE1-82B6630342C4}"
EndProject
Project("{9A19103F-16F7-4668-BE54-9A1E7A4F7556}") = "CodeBehind.GraphQueryLanguage.Demo.Invocar", "CodeBehind.GraphQueryLanguage.Demo.Console\CodeBehind.GraphQueryLanguage.Demo.Invocar.csproj", "{3F8AA7EB-7254-41B2-984D-03F223200AF9}"
EndProject
Project("{9A19103F-16F7-4668-BE54-9A1E7A4F7556}") = "CodeBehind.CosmoDB", "CodeBehind.CosmoDB\CodeBehind.CosmoDB.csproj", "{A74FDB43-5FCF-45F9-97C5-59EC810E6E2A}"
EndProject
Global
	GlobalSection(SolutionConfigurationPlatforms) = preSolution
		Debug|Any CPU = Debug|Any CPU
		Release|Any CPU = Release|Any CPU
	EndGlobalSection
	GlobalSection(ProjectConfigurationPlatforms) = postSolution
		{105ACAA6-D543-46A6-BC51-A915880E2AF8}.Debug|Any CPU.ActiveCfg = Debug|Any CPU
		{105ACAA6-D543-46A6-BC51-A915880E2AF8}.Debug|Any CPU.Build.0 = Debug|Any CPU
		{105ACAA6-D543-46A6-BC51-A915880E2AF8}.Release|Any CPU.ActiveCfg = Release|Any CPU
		{105ACAA6-D543-46A6-BC51-A915880E2AF8}.Release|Any CPU.Build.0 = Release|Any CPU
		{DDC41D4A-D352-4D1B-BE87-C2DAF9FD5B68}.Debug|Any CPU.ActiveCfg = Debug|Any CPU
		{DDC41D4A-D352-4D1B-BE87-C2DAF9FD5B68}.Debug|Any CPU.Build.0 = Debug|Any CPU
		{DDC41D4A-D352-4D1B-BE87-C2DAF9FD5B68}.Release|Any CPU.ActiveCfg = Release|Any CPU
		{DDC41D4A-D352-4D1B-BE87-C2DAF9FD5B68}.Release|Any CPU.Build.0 = Release|Any CPU
		{7C7B887F-0EAE-47A9-A2CA-805BFE13FFDF}.Debug|Any CPU.ActiveCfg = Debug|Any CPU
		{7C7B887F-0EAE-47A9-A2CA-805BFE13FFDF}.Debug|Any CPU.Build.0 = Debug|Any CPU
		{7C7B887F-0EAE-47A9-A2CA-805BFE13FFDF}.Release|Any CPU.ActiveCfg = Release|Any CPU
		{7C7B887F-0EAE-47A9-A2CA-805BFE13FFDF}.Release|Any CPU.Build.0 = Release|Any CPU
		{314B8B5E-B1A4-4B94-99C4-4D4C702EAA26}.Debug|Any CPU.ActiveCfg = Debug|Any CPU
		{314B8B5E-B1A4-4B94-99C4-4D4C702EAA26}.Debug|Any CPU.Build.0 = Debug|Any CPU
		{314B8B5E-B1A4-4B94-99C4-4D4C702EAA26}.Release|Any CPU.ActiveCfg = Release|Any CPU
		{314B8B5E-B1A4-4B94-99C4-4D4C702EAA26}.Release|Any CPU.Build.0 = Release|Any CPU
		{4BAFA305-F393-483D-A9A5-8360559A2341}.Debug|Any CPU.ActiveCfg = Debug|Any CPU
		{4BAFA305-F393-483D-A9A5-8360559A2341}.Debug|Any CPU.Build.0 = Debug|Any CPU
		{4BAFA305-F393-483D-A9A5-8360559A2341}.Release|Any CPU.ActiveCfg = Release|Any CPU
		{4BAFA305-F393-483D-A9A5-8360559A2341}.Release|Any CPU.Build.0 = Release|Any CPU
		{6D7A989D-B29D-4E78-8333-C55D61E7C288}.Debug|Any CPU.ActiveCfg = Debug|Any CPU
		{6D7A989D-B29D-4E78-8333-C55D61E7C288}.Debug|Any CPU.Build.0 = Debug|Any CPU
		{6D7A989D-B29D-4E78-8333-C55D61E7C288}.Release|Any CPU.ActiveCfg = Release|Any CPU
		{6D7A989D-B29D-4E78-8333-C55D61E7C288}.Release|Any CPU.Build.0 = Release|Any CPU
		{0152EA9E-A147-448B-B358-A37ABDC73D27}.Debug|Any CPU.ActiveCfg = Debug|Any CPU
		{0152EA9E-A147-448B-B358-A37ABDC73D27}.Debug|Any CPU.Build.0 = Debug|Any CPU
		{0152EA9E-A147-448B-B358-A37ABDC73D27}.Release|Any CPU.ActiveCfg = Release|Any CPU
		{0152EA9E-A147-448B-B358-A37ABDC73D27}.Release|Any CPU.Build.0 = Release|Any CPU
		{1C685D0A-F2AD-4AA6-9738-0F09EB455C79}.Debug|Any CPU.ActiveCfg = Debug|Any CPU
		{1C685D0A-F2AD-4AA6-9738-0F09EB455C79}.Debug|Any CPU.Build.0 = Debug|Any CPU
		{1C685D0A-F2AD-4AA6-9738-0F09EB455C79}.Release|Any CPU.ActiveCfg = Release|Any CPU
		{1C685D0A-F2AD-4AA6-9738-0F09EB455C79}.Release|Any CPU.Build.0 = Release|Any CPU
		{9379C15E-CB04-404A-A4B9-31FAB1447074}.Debug|Any CPU.ActiveCfg = Debug|Any CPU
		{9379C15E-CB04-404A-A4B9-31FAB1447074}.Debug|Any CPU.Build.0 = Debug|Any CPU
		{9379C15E-CB04-404A-A4B9-31FAB1447074}.Release|Any CPU.ActiveCfg = Release|Any CPU
		{9379C15E-CB04-404A-A4B9-31FAB1447074}.Release|Any CPU.Build.0 = Release|Any CPU
		{B6768CDE-7802-4056-82A4-275A3DDBF3F1}.Debug|Any CPU.ActiveCfg = Debug|Any CPU
		{B6768CDE-7802-4056-82A4-275A3DDBF3F1}.Debug|Any CPU.Build.0 = Debug|Any CPU
		{B6768CDE-7802-4056-82A4-275A3DDBF3F1}.Release|Any CPU.ActiveCfg = Release|Any CPU
		{B6768CDE-7802-4056-82A4-275A3DDBF3F1}.Release|Any CPU.Build.0 = Release|Any CPU
		{45AD288A-D7B8-4E07-ACE1-82B6630342C4}.Debug|Any CPU.ActiveCfg = Debug|Any CPU
		{45AD288A-D7B8-4E07-ACE1-82B6630342C4}.Debug|Any CPU.Build.0 = Debug|Any CPU
		{45AD288A-D7B8-4E07-ACE1-82B6630342C4}.Release|Any CPU.ActiveCfg = Release|Any CPU
		{45AD288A-D7B8-4E07-ACE1-82B6630342C4}.Release|Any CPU.Build.0 = Release|Any CPU
		{3F8AA7EB-7254-41B2-984D-03F223200AF9}.Debug|Any CPU.ActiveCfg = Debug|Any CPU
		{3F8AA7EB-7254-41B2-984D-03F223200AF9}.Debug|Any CPU.Build.0 = Debug|Any CPU
		{3F8AA7EB-7254-41B2-984D-03F223200AF9}.Release|Any CPU.ActiveCfg = Release|Any CPU
		{3F8AA7EB-7254-41B2-984D-03F223200AF9}.Release|Any CPU.Build.0 = Release|Any CPU
		{A74FDB43-5FCF-45F9-97C5-59EC810E6E2A}.Debug|Any CPU.ActiveCfg = Debug|Any CPU
		{A74FDB43-5FCF-45F9-97C5-59EC810E6E2A}.Debug|Any CPU.Build.0 = Debug|Any CPU
		{A74FDB43-5FCF-45F9-97C5-59EC810E6E2A}.Release|Any CPU.ActiveCfg = Release|Any CPU
		{A74FDB43-5FCF-45F9-97C5-59EC810E6E2A}.Release|Any CPU.Build.0 = Release|Any CPU
	EndGlobalSection
	GlobalSection(SolutionProperties) = preSolution
		HideSolutionNode = FALSE
	EndGlobalSection
	GlobalSection(NestedProjects) = preSolution
		{105ACAA6-D543-46A6-BC51-A915880E2AF8} = {04A60DCA-833D-4981-BB91-2BE5513D6BA7}
		{DDC41D4A-D352-4D1B-BE87-C2DAF9FD5B68} = {04A60DCA-833D-4981-BB91-2BE5513D6BA7}
		{7C7B887F-0EAE-47A9-A2CA-805BFE13FFDF} = {04A60DCA-833D-4981-BB91-2BE5513D6BA7}
		{314B8B5E-B1A4-4B94-99C4-4D4C702EAA26} = {04A60DCA-833D-4981-BB91-2BE5513D6BA7}
		{4BAFA305-F393-483D-A9A5-8360559A2341} = {04A60DCA-833D-4981-BB91-2BE5513D6BA7}
		{6D7A989D-B29D-4E78-8333-C55D61E7C288} = {04A60DCA-833D-4981-BB91-2BE5513D6BA7}
		{0152EA9E-A147-448B-B358-A37ABDC73D27} = {04A60DCA-833D-4981-BB91-2BE5513D6BA7}
		{1C685D0A-F2AD-4AA6-9738-0F09EB455C79} = {04A60DCA-833D-4981-BB91-2BE5513D6BA7}
		{9379C15E-CB04-404A-A4B9-31FAB1447074} = {04A60DCA-833D-4981-BB91-2BE5513D6BA7}
		{B6768CDE-7802-4056-82A4-275A3DDBF3F1} = {2C745E15-516A-48D7-B24C-E2362740E67E}
		{45AD288A-D7B8-4E07-ACE1-82B6630342C4} = {2C745E15-516A-48D7-B24C-E2362740E67E}
		{3F8AA7EB-7254-41B2-984D-03F223200AF9} = {2C745E15-516A-48D7-B24C-E2362740E67E}
		{A74FDB43-5FCF-45F9-97C5-59EC810E6E2A} = {04A60DCA-833D-4981-BB91-2BE5513D6BA7}
	EndGlobalSection
	GlobalSection(ExtensibilityGlobals) = postSolution
		SolutionGuid = {F60459DD-73FD-44EF-847A-F3EA174AD029}
	EndGlobalSection
EndGlobal
